
Microsoft Visual Studio Solution File, Format Version 12.00
# Visual Studio Express 2013 for Windows Desktop
VisualStudioVersion = 12.0.30723.0
MinimumVisualStudioVersion = 10.0.40219.1
Project("{8BC9CEB8-8B4A-11D0-8D11-00A0C91BC942}") = "Sad Cycles", "Sad Cycles\Sad Cycles.vcxproj", "{52AD2D46-4ECD-40CB-838B-7660FEB20929}"
EndProject
Global
	GlobalSection(SolutionConfigurationPlatforms) = preSolution
		Debug|Win32 = Debug|Win32
		Release|Win32 = Release|Win32
	EndGlobalSection
	GlobalSection(ProjectConfigurationPlatforms) = postSolution
		{52AD2D46-4ECD-40CB-838B-7660FEB20929}.Debug|Win32.ActiveCfg = Debug|Win32
		{52AD2D46-4ECD-40CB-838B-7660FEB20929}.Debug|Win32.Build.0 = Debug|Win32
		{52AD2D46-4ECD-40CB-838B-7660FEB20929}.Release|Win32.ActiveCfg = Release|Win32
		{52AD2D46-4ECD-40CB-838B-7660FEB20929}.Release|Win32.Build.0 = Release|Win32
	EndGlobalSection
	GlobalSection(SolutionProperties) = preSolution
		HideSolutionNode = FALSE
	EndGlobalSection
EndGlobal
